
Microsoft Visual Studio Solution File, Format Version 12.00
# Visual Studio Version 16
VisualStudioVersion = 16.0.29424.173
MinimumVisualStudioVersion = 10.0.40219.1
Project("{FAE04EC0-301F-11D3-BF4B-00C04F79EFBC}") = "ERPNextRetailPOS.Android", "ERPNextRetailPOS\ERPNextRetailPOS.Android\ERPNextRetailPOS.Android.csproj", "{0E8CC74C-CD33-4AE3-AD6D-69F849A0F2D7}"
EndProject
Project("{FAE04EC0-301F-11D3-BF4B-00C04F79EFBC}") = "ERPNextRetailPOS.iOS", "ERPNextRetailPOS\ERPNextRetailPOS.iOS\ERPNextRetailPOS.iOS.csproj", "{CB6EA414-2736-45A6-898B-6363B28657EE}"
EndProject
Project("{FAE04EC0-301F-11D3-BF4B-00C04F79EFBC}") = "ERPNextRetailPOS", "ERPNextRetailPOS\ERPNextRetailPOS\ERPNextRetailPOS.csproj", "{3B570474-012A-4CCA-B65D-E1FEC738D5E3}"
EndProject
Global
	GlobalSection(SolutionConfigurationPlatforms) = preSolution
		Debug|Any CPU = Debug|Any CPU
		Debug|iPhone = Debug|iPhone
		Debug|iPhoneSimulator = Debug|iPhoneSimulator
		Release|Any CPU = Release|Any CPU
		Release|iPhone = Release|iPhone
		Release|iPhoneSimulator = Release|iPhoneSimulator
	EndGlobalSection
	GlobalSection(ProjectConfigurationPlatforms) = postSolution
		{0E8CC74C-CD33-4AE3-AD6D-69F849A0F2D7}.Debug|Any CPU.ActiveCfg = Debug|Any CPU
		{0E8CC74C-CD33-4AE3-AD6D-69F849A0F2D7}.Debug|Any CPU.Build.0 = Debug|Any CPU
		{0E8CC74C-CD33-4AE3-AD6D-69F849A0F2D7}.Debug|Any CPU.Deploy.0 = Debug|Any CPU
		{0E8CC74C-CD33-4AE3-AD6D-69F849A0F2D7}.Debug|iPhone.ActiveCfg = Debug|Any CPU
		{0E8CC74C-CD33-4AE3-AD6D-69F849A0F2D7}.Debug|iPhone.Build.0 = Debug|Any CPU
		{0E8CC74C-CD33-4AE3-AD6D-69F849A0F2D7}.Debug|iPhone.Deploy.0 = Debug|Any CPU
		{0E8CC74C-CD33-4AE3-AD6D-69F849A0F2D7}.Debug|iPhoneSimulator.ActiveCfg = Debug|Any CPU
		{0E8CC74C-CD33-4AE3-AD6D-69F849A0F2D7}.Debug|iPhoneSimulator.Build.0 = Debug|Any CPU
		{0E8CC74C-CD33-4AE3-AD6D-69F849A0F2D7}.Debug|iPhoneSimulator.Deploy.0 = Debug|Any CPU
		{0E8CC74C-CD33-4AE3-AD6D-69F849A0F2D7}.Release|Any CPU.ActiveCfg = Release|Any CPU
		{0E8CC74C-CD33-4AE3-AD6D-69F849A0F2D7}.Release|Any CPU.Build.0 = Release|Any CPU
		{0E8CC74C-CD33-4AE3-AD6D-69F849A0F2D7}.Release|Any CPU.Deploy.0 = Release|Any CPU
		{0E8CC74C-CD33-4AE3-AD6D-69F849A0F2D7}.Release|iPhone.ActiveCfg = Release|Any CPU
		{0E8CC74C-CD33-4AE3-AD6D-69F849A0F2D7}.Release|iPhone.Build.0 = Release|Any CPU
		{0E8CC74C-CD33-4AE3-AD6D-69F849A0F2D7}.Release|iPhone.Deploy.0 = Release|Any CPU
		{0E8CC74C-CD33-4AE3-AD6D-69F849A0F2D7}.Release|iPhoneSimulator.ActiveCfg = Release|Any CPU
		{0E8CC74C-CD33-4AE3-AD6D-69F849A0F2D7}.Release|iPhoneSimulator.Build.0 = Release|Any CPU
		{0E8CC74C-CD33-4AE3-AD6D-69F849A0F2D7}.Release|iPhoneSimulator.Deploy.0 = Release|Any CPU
		{CB6EA414-2736-45A6-898B-6363B28657EE}.Debug|Any CPU.ActiveCfg = Debug|iPhoneSimulator
		{CB6EA414-2736-45A6-898B-6363B28657EE}.Debug|Any CPU.Build.0 = Debug|iPhoneSimulator
		{CB6EA414-2736-45A6-898B-6363B28657EE}.Debug|Any CPU.Deploy.0 = Debug|iPhoneSimulator
		{CB6EA414-2736-45A6-898B-6363B28657EE}.Debug|iPhone.ActiveCfg = Debug|iPhone
		{CB6EA414-2736-45A6-898B-6363B28657EE}.Debug|iPhone.Build.0 = Debug|iPhone
		{CB6EA414-2736-45A6-898B-6363B28657EE}.Debug|iPhone.Deploy.0 = Debug|iPhone
		{CB6EA414-2736-45A6-898B-6363B28657EE}.Debug|iPhoneSimulator.ActiveCfg = Debug|iPhoneSimulator
		{CB6EA414-2736-45A6-898B-6363B28657EE}.Debug|iPhoneSimulator.Build.0 = Debug|iPhoneSimulator
		{CB6EA414-2736-45A6-898B-6363B28657EE}.Debug|iPhoneSimulator.Deploy.0 = Debug|iPhoneSimulator
		{CB6EA414-2736-45A6-898B-6363B28657EE}.Release|Any CPU.ActiveCfg = Release|iPhone
		{CB6EA414-2736-45A6-898B-6363B28657EE}.Release|Any CPU.Build.0 = Release|iPhone
		{CB6EA414-2736-45A6-898B-6363B28657EE}.Release|Any CPU.Deploy.0 = Release|iPhone
		{CB6EA414-2736-45A6-898B-6363B28657EE}.Release|iPhone.ActiveCfg = Release|iPhone
		{CB6EA414-2736-45A6-898B-6363B28657EE}.Release|iPhone.Build.0 = Release|iPhone
		{CB6EA414-2736-45A6-898B-6363B28657EE}.Release|iPhone.Deploy.0 = Release|iPhone
		{CB6EA414-2736-45A6-898B-6363B28657EE}.Release|iPhoneSimulator.ActiveCfg = Release|iPhoneSimulator
		{CB6EA414-2736-45A6-898B-6363B28657EE}.Release|iPhoneSimulator.Build.0 = Release|iPhoneSimulator
		{CB6EA414-2736-45A6-898B-6363B28657EE}.Release|iPhoneSimulator.Deploy.0 = Release|iPhoneSimulator
		{3B570474-012A-4CCA-B65D-E1FEC738D5E3}.Debug|Any CPU.ActiveCfg = Debug|Any CPU
		{3B570474-012A-4CCA-B65D-E1FEC738D5E3}.Debug|Any CPU.Build.0 = Debug|Any CPU
		{3B570474-012A-4CCA-B65D-E1FEC738D5E3}.Debug|Any CPU.Deploy.0 = Debug|Any CPU
		{3B570474-012A-4CCA-B65D-E1FEC738D5E3}.Debug|iPhone.ActiveCfg = Debug|Any CPU
		{3B570474-012A-4CCA-B65D-E1FEC738D5E3}.Debug|iPhone.Build.0 = Debug|Any CPU
		{3B570474-012A-4CCA-B65D-E1FEC738D5E3}.Debug|iPhone.Deploy.0 = Debug|Any CPU
		{3B570474-012A-4CCA-B65D-E1FEC738D5E3}.Debug|iPhoneSimulator.ActiveCfg = Debug|Any CPU
		{3B570474-012A-4CCA-B65D-E1FEC738D5E3}.Debug|iPhoneSimulator.Build.0 = Debug|Any CPU
		{3B570474-012A-4CCA-B65D-E1FEC738D5E3}.Debug|iPhoneSimulator.Deploy.0 = Debug|Any CPU
		{3B570474-012A-4CCA-B65D-E1FEC738D5E3}.Release|Any CPU.ActiveCfg = Release|Any CPU
		{3B570474-012A-4CCA-B65D-E1FEC738D5E3}.Release|Any CPU.Build.0 = Release|Any CPU
		{3B570474-012A-4CCA-B65D-E1FEC738D5E3}.Release|Any CPU.Deploy.0 = Release|Any CPU
		{3B570474-012A-4CCA-B65D-E1FEC738D5E3}.Release|iPhone.ActiveCfg = Release|Any CPU
		{3B570474-012A-4CCA-B65D-E1FEC738D5E3}.Release|iPhone.Build.0 = Release|Any CPU
		{3B570474-012A-4CCA-B65D-E1FEC738D5E3}.Release|iPhone.Deploy.0 = Release|Any CPU
		{3B570474-012A-4CCA-B65D-E1FEC738D5E3}.Release|iPhoneSimulator.ActiveCfg = Release|Any CPU
		{3B570474-012A-4CCA-B65D-E1FEC738D5E3}.Release|iPhoneSimulator.Build.0 = Release|Any CPU
		{3B570474-012A-4CCA-B65D-E1FEC738D5E3}.Release|iPhoneSimulator.Deploy.0 = Release|Any CPU
	EndGlobalSection
	GlobalSection(SolutionProperties) = preSolution
		HideSolutionNode = FALSE
	EndGlobalSection
	GlobalSection(ExtensibilityGlobals) = postSolution
		SolutionGuid = {65D61D7D-A7FE-44F4-866D-567E3167F0CA}
	EndGlobalSection
EndGlobal
